// !$*UTF8*$!
{
	archiveVersion = 1;
	classes = {
	};
	objectVersion = 46;
	objects = {

/* Begin PBXFileReference section */
		422535001DAC3440004E3D70 /* Sorting.swift */ = {isa = PBXFileReference; lastKnownFileType = sourcecode.swift; name = Sorting.swift; path = Algorithms/Sorting.swift; sourceTree = "<group>"; };
/* End PBXFileReference section */

/* Begin PBXGroup section */
		42528E3E1DAC33A3001BF7A5 = {
			isa = PBXGroup;
			children = (
				422535001DAC3440004E3D70 /* Sorting.swift */,
			);
			sourceTree = "<group>";
		};
/* End PBXGroup section */

/* Begin PBXLegacyTarget section */
		42528E431DAC33A3001BF7A5 /* Algorithms */ = {
			isa = PBXLegacyTarget;
			buildArgumentsString = "$(ACTION)";
			buildConfigurationList = 42528E461DAC33A3001BF7A5 /* Build configuration list for PBXLegacyTarget "Algorithms" */;
			buildPhases = (
			);
			buildToolPath = /usr/bin/swift;
			dependencies = (
			);
			name = Algorithms;
			passBuildSettingsInEnvironment = 1;
			productName = Algorithms;
		};
/* End PBXLegacyTarget section */

/* Begin PBXProject section */
		42528E3F1DAC33A3001BF7A5 /* Project object */ = {
			isa = PBXProject;
			attributes = {
				LastUpgradeCheck = 0800;
				ORGANIZATIONNAME = "Andrew Johnson";
				TargetAttributes = {
					42528E431DAC33A3001BF7A5 = {
						CreatedOnToolsVersion = 8.0;
						ProvisioningStyle = Automatic;
					};
				};
			};
			buildConfigurationList = 42528E421DAC33A3001BF7A5 /* Build configuration list for PBXProject "Algorithms" */;
			compatibilityVersion = "Xcode 3.2";
			developmentRegion = English;
			hasScannedForEncodings = 0;
			knownRegions = (
				en,
			);
			mainGroup = 42528E3E1DAC33A3001BF7A5;
			projectDirPath = "";
			projectRoot = "";
			targets = (
				42528E431DAC33A3001BF7A5 /* Algorithms */,
			);
		};
/* End PBXProject section */

/* Begin XCBuildConfiguration section */
		42528E441DAC33A3001BF7A5 /* Debug */ = {
			isa = XCBuildConfiguration;
			buildSettings = {
				ALWAYS_SEARCH_USER_PATHS = NO;
				CLANG_ANALYZER_NONNULL = YES;
				CLANG_CXX_LANGUAGE_STANDARD = "gnu++0x";
				CLANG_CXX_LIBRARY = "libc++";
				CLANG_ENABLE_MODULES = YES;
				CLANG_ENABLE_OBJC_ARC = YES;
				CLANG_WARN_BOOL_CONVERSION = YES;
				CLANG_WARN_CONSTANT_CONVERSION = YES;
				CLANG_WARN_DIRECT_OBJC_ISA_USAGE = YES_ERROR;
				CLANG_WARN_DOCUMENTATION_COMMENTS = YES;
				CLANG_WARN_EMPTY_BODY = YES;
				CLANG_WARN_ENUM_CONVERSION = YES;
				CLANG_WARN_INFINITE_RECURSION = YES;
				CLANG_WARN_INT_CONVERSION = YES;
				CLANG_WARN_OBJC_ROOT_CLASS = YES_ERROR;
				CLANG_WARN_SUSPICIOUS_MOVES = YES;
				CLANG_WARN_UNREACHABLE_CODE = YES;
				CLANG_WARN__DUPLICATE_METHOD_MATCH = YES;
				COPY_PHASE_STRIP = NO;
				DEBUG_INFORMATION_FORMAT = dwarf;
				ENABLE_STRICT_OBJC_MSGSEND = YES;
				ENABLE_TESTABILITY = YES;
				GCC_C_LANGUAGE_STANDARD = gnu99;
				GCC_DYNAMIC_NO_PIC = NO;
				GCC_NO_COMMON_BLOCKS = YES;
				GCC_OPTIMIZATION_LEVEL = 0;
				GCC_PREPROCESSOR_DEFINITIONS = (
					"DEBUG=1",
					"$(inherited)",
				);
				GCC_WARN_64_TO_32_BIT_CONVERSION = YES;
				GCC_WARN_ABOUT_RETURN_TYPE = YES_ERROR;
				GCC_WARN_UNDECLARED_SELECTOR = YES;
				GCC_WARN_UNINITIALIZED_AUTOS = YES_AGGRESSIVE;
				GCC_WARN_UNUSED_FUNCTION = YES;
				GCC_WARN_UNUSED_VARIABLE = YES;
				MTL_ENABLE_DEBUG_INFO = YES;
				ONLY_ACTIVE_ARCH = YES;
			};
			name = Debug;
		};
		42528E451DAC33A3001BF7A5 /* Release */ = {
			isa = XCBuildConfiguration;
			buildSettings = {
				ALWAYS_SEARCH_USER_PATHS = NO;
				CLANG_ANALYZER_NONNULL = YES;
				CLANG_CXX_LANGUAGE_STANDARD = "gnu++0x";
				CLANG_CXX_LIBRARY = "libc++";
				CLANG_ENABLE_MODULES = YES;
				CLANG_ENABLE_OBJC_ARC = YES;
				CLANG_WARN_BOOL_CONVERSION = YES;
				CLANG_WARN_CONSTANT_CONVERSION = YES;
				CLANG_WARN_DIRECT_OBJC_ISA_USAGE = YES_ERROR;
				CLANG_WARN_DOCUMENTATION_COMMENTS = YES;
				CLANG_WARN_EMPTY_BODY = YES;
				CLANG_WARN_ENUM_CONVERSION = YES;
				CLANG_WARN_INFINITE_RECURSION = YES;
				CLANG_WARN_INT_CONVERSION = YES;
				CLANG_WARN_OBJC_ROOT_CLASS = YES_ERROR;
				CLANG_WARN_SUSPICIOUS_MOVES = YES;
				CLANG_WARN_UNREACHABLE_CODE = YES;
				CLANG_WARN__DUPLICATE_METHOD_MATCH = YES;
				COPY_PHASE_STRIP = NO;
				DEBUG_INFORMATION_FORMAT = "dwarf-with-dsym";
				ENABLE_NS_ASSERTIONS = NO;
				ENABLE_STRICT_OBJC_MSGSEND = YES;
				GCC_C_LANGUAGE_STANDARD = gnu99;
				GCC_NO_COMMON_BLOCKS = YES;
				GCC_WARN_64_TO_32_BIT_CONVERSION = YES;
				GCC_WARN_ABOUT_RETURN_TYPE = YES_ERROR;
				GCC_WARN_UNDECLARED_SELECTOR = YES;
				GCC_WARN_UNINITIALIZED_AUTOS = YES_AGGRESSIVE;
				GCC_WARN_UNUSED_FUNCTION = YES;
				GCC_WARN_UNUSED_VARIABLE = YES;
				MTL_ENABLE_DEBUG_INFO = NO;
			};
			name = Release;
		};
		42528E471DAC33A3001BF7A5 /* Debug */ = {
			isa = XCBuildConfiguration;
			buildSettings = {
				DEBUGGING_SYMBOLS = YES;
				DEBUG_INFORMATION_FORMAT = dwarf;
				GCC_GENERATE_DEBUGGING_SYMBOLS = YES;
				GCC_OPTIMIZATION_LEVEL = 0;
				OTHER_CFLAGS = "";
				OTHER_LDFLAGS = "";
				PRODUCT_NAME = "$(TARGET_NAME)";
			};
			name = Debug;
		};
		42528E481DAC33A3001BF7A5 /* Release */ = {
			isa = XCBuildConfiguration;
			buildSettings = {
				DEBUG_INFORMATION_FORMAT = "dwarf-with-dsym";
				OTHER_CFLAGS = "";
				OTHER_LDFLAGS = "";
				PRODUCT_NAME = "$(TARGET_NAME)";
			};
			name = Release;
		};
/* End XCBuildConfiguration section */

/* Begin XCConfigurationList section */
		42528E421DAC33A3001BF7A5 /* Build configuration list for PBXProject "Algorithms" */ = {
			isa = XCConfigurationList;
			buildConfigurations = (
				42528E441DAC33A3001BF7A5 /* Debug */,
				42528E451DAC33A3001BF7A5 /* Release */,
			);
			defaultConfigurationIsVisible = 0;
			defaultConfigurationName = Release;
		};
		42528E461DAC33A3001BF7A5 /* Build configuration list for PBXLegacyTarget "Algorithms" */ = {
			isa = XCConfigurationList;
			buildConfigurations = (
				42528E471DAC33A3001BF7A5 /* Debug */,
				42528E481DAC33A3001BF7A5 /* Release */,
			);
			defaultConfigurationIsVisible = 0;
			defaultConfigurationName = Release;
		};
/* End XCConfigurationList section */
	};
	rootObject = 42528E3F1DAC33A3001BF7A5 /* Project object */;
}
